
Microsoft Visual Studio Solution File, Format Version 12.00
# Visual Studio Version 17
VisualStudioVersion = 17.2.32630.192
MinimumVisualStudioVersion = 10.0.40219.1
Project("{9A19103F-16F7-4668-BE54-9A1E7A4F7556}") = "F10Y.L0000", "F10Y.L0000\F10Y.L0000.csproj", "{99E88709-B02E-45C6-B7A4-0D1BF08F670B}"
EndProject
Project("{2150E333-8FDC-42A3-9474-1A3956D46DE8}") = "_Dependencies", "_Dependencies", "{FC9F05C6-E4FC-4E09-9E71-0CC296807C98}"
EndProject
Project("{9A19103F-16F7-4668-BE54-9A1E7A4F7556}") = "F10Y.T0000", "..\..\F10Y.T0000\source\F10Y.T0000\F10Y.T0000.csproj", "{B552567C-29A3-41A0-BC9D-7C6E5E28571F}"
EndProject
Project("{9A19103F-16F7-4668-BE54-9A1E7A4F7556}") = "F10Y.T0001", "..\..\F10Y.T0001\source\F10Y.T0001\F10Y.T0001.csproj", "{CF4A5573-F407-43C6-ACB2-2A8A6E7FD01B}"
EndProject
Project("{9A19103F-16F7-4668-BE54-9A1E7A4F7556}") = "F10Y.Y0000", "..\..\F10Y.Y0000\source\F10Y.Y0000\F10Y.Y0000.csproj", "{9B8E748F-140D-486B-9A60-CAE8BAD37972}"
EndProject
Project("{9A19103F-16F7-4668-BE54-9A1E7A4F7556}") = "F10Y.T0002", "..\..\F10Y.T0002\source\F10Y.T0002\F10Y.T0002.csproj", "{A1507F97-75BC-46AE-8C5A-60B9D9469E8F}"
EndProject
Project("{9A19103F-16F7-4668-BE54-9A1E7A4F7556}") = "F10Y.T0003", "..\..\F10Y.T0003\source\F10Y.T0003\F10Y.T0003.csproj", "{E33D08A6-1997-47E3-A361-68E10EA1C938}"
EndProject
Project("{9A19103F-16F7-4668-BE54-9A1E7A4F7556}") = "F10Y.T0004", "..\..\F10Y.T0004\source\F10Y.T0004\F10Y.T0004.csproj", "{25C42ECE-B2C2-43B3-A1FA-2EDE9A3D3670}"
EndProject
Project("{9A19103F-16F7-4668-BE54-9A1E7A4F7556}") = "F10Y.T0011", "..\..\F10Y.T0011\source\F10Y.T0011\F10Y.T0011.csproj", "{AD2C2AF1-996A-4CDB-BEA8-F525E7065221}"
EndProject
Global
	GlobalSection(NestedProjects) = preSolution
		{B552567C-29A3-41A0-BC9D-7C6E5E28571F} = {FC9F05C6-E4FC-4E09-9E71-0CC296807C98}
		{CF4A5573-F407-43C6-ACB2-2A8A6E7FD01B} = {FC9F05C6-E4FC-4E09-9E71-0CC296807C98}
		{9B8E748F-140D-486B-9A60-CAE8BAD37972} = {FC9F05C6-E4FC-4E09-9E71-0CC296807C98}
		{A1507F97-75BC-46AE-8C5A-60B9D9469E8F} = {FC9F05C6-E4FC-4E09-9E71-0CC296807C98}
		{E33D08A6-1997-47E3-A361-68E10EA1C938} = {FC9F05C6-E4FC-4E09-9E71-0CC296807C98}
		{25C42ECE-B2C2-43B3-A1FA-2EDE9A3D3670} = {FC9F05C6-E4FC-4E09-9E71-0CC296807C98}
		{AD2C2AF1-996A-4CDB-BEA8-F525E7065221} = {FC9F05C6-E4FC-4E09-9E71-0CC296807C98}
	EndGlobalSection
	GlobalSection(SolutionConfigurationPlatforms) = preSolution
		Debug|Any CPU = Debug|Any CPU
		Release|Any CPU = Release|Any CPU
	EndGlobalSection
	GlobalSection(ProjectConfigurationPlatforms) = postSolution
		{99E88709-B02E-45C6-B7A4-0D1BF08F670B}.Debug|Any CPU.ActiveCfg = Debug|Any CPU
		{99E88709-B02E-45C6-B7A4-0D1BF08F670B}.Debug|Any CPU.Build.0 = Debug|Any CPU
		{99E88709-B02E-45C6-B7A4-0D1BF08F670B}.Release|Any CPU.ActiveCfg = Release|Any CPU
		{99E88709-B02E-45C6-B7A4-0D1BF08F670B}.Release|Any CPU.Build.0 = Release|Any CPU
		{B552567C-29A3-41A0-BC9D-7C6E5E28571F}.Debug|Any CPU.ActiveCfg = Debug|Any CPU
		{B552567C-29A3-41A0-BC9D-7C6E5E28571F}.Debug|Any CPU.Build.0 = Debug|Any CPU
		{B552567C-29A3-41A0-BC9D-7C6E5E28571F}.Release|Any CPU.ActiveCfg = Release|Any CPU
		{B552567C-29A3-41A0-BC9D-7C6E5E28571F}.Release|Any CPU.Build.0 = Release|Any CPU
		{CF4A5573-F407-43C6-ACB2-2A8A6E7FD01B}.Debug|Any CPU.ActiveCfg = Debug|Any CPU
		{CF4A5573-F407-43C6-ACB2-2A8A6E7FD01B}.Debug|Any CPU.Build.0 = Debug|Any CPU
		{CF4A5573-F407-43C6-ACB2-2A8A6E7FD01B}.Release|Any CPU.ActiveCfg = Release|Any CPU
		{CF4A5573-F407-43C6-ACB2-2A8A6E7FD01B}.Release|Any CPU.Build.0 = Release|Any CPU
		{9B8E748F-140D-486B-9A60-CAE8BAD37972}.Debug|Any CPU.ActiveCfg = Debug|Any CPU
		{9B8E748F-140D-486B-9A60-CAE8BAD37972}.Debug|Any CPU.Build.0 = Debug|Any CPU
		{9B8E748F-140D-486B-9A60-CAE8BAD37972}.Release|Any CPU.ActiveCfg = Release|Any CPU
		{9B8E748F-140D-486B-9A60-CAE8BAD37972}.Release|Any CPU.Build.0 = Release|Any CPU
		{A1507F97-75BC-46AE-8C5A-60B9D9469E8F}.Debug|Any CPU.ActiveCfg = Debug|Any CPU
		{A1507F97-75BC-46AE-8C5A-60B9D9469E8F}.Debug|Any CPU.Build.0 = Debug|Any CPU
		{A1507F97-75BC-46AE-8C5A-60B9D9469E8F}.Release|Any CPU.ActiveCfg = Release|Any CPU
		{A1507F97-75BC-46AE-8C5A-60B9D9469E8F}.Release|Any CPU.Build.0 = Release|Any CPU
		{E33D08A6-1997-47E3-A361-68E10EA1C938}.Debug|Any CPU.ActiveCfg = Debug|Any CPU
		{E33D08A6-1997-47E3-A361-68E10EA1C938}.Debug|Any CPU.Build.0 = Debug|Any CPU
		{E33D08A6-1997-47E3-A361-68E10EA1C938}.Release|Any CPU.ActiveCfg = Release|Any CPU
		{E33D08A6-1997-47E3-A361-68E10EA1C938}.Release|Any CPU.Build.0 = Release|Any CPU
		{25C42ECE-B2C2-43B3-A1FA-2EDE9A3D3670}.Debug|Any CPU.ActiveCfg = Debug|Any CPU
		{25C42ECE-B2C2-43B3-A1FA-2EDE9A3D3670}.Debug|Any CPU.Build.0 = Debug|Any CPU
		{25C42ECE-B2C2-43B3-A1FA-2EDE9A3D3670}.Release|Any CPU.ActiveCfg = Release|Any CPU
		{25C42ECE-B2C2-43B3-A1FA-2EDE9A3D3670}.Release|Any CPU.Build.0 = Release|Any CPU
		{AD2C2AF1-996A-4CDB-BEA8-F525E7065221}.Debug|Any CPU.ActiveCfg = Debug|Any CPU
		{AD2C2AF1-996A-4CDB-BEA8-F525E7065221}.Debug|Any CPU.Build.0 = Debug|Any CPU
		{AD2C2AF1-996A-4CDB-BEA8-F525E7065221}.Release|Any CPU.ActiveCfg = Release|Any CPU
		{AD2C2AF1-996A-4CDB-BEA8-F525E7065221}.Release|Any CPU.Build.0 = Release|Any CPU
	EndGlobalSection
	GlobalSection(SolutionProperties) = preSolution
		HideSolutionNode = FALSE
	EndGlobalSection
	GlobalSection(ExtensibilityGlobals) = postSolution
		SolutionGuid = {74F9E062-25A4-4F92-B586-E888F14335ED}
	EndGlobalSection
EndGlobal
