
Microsoft Visual Studio Solution File, Format Version 12.00
# Visual Studio Version 17
VisualStudioVersion = 17.2.32630.192
MinimumVisualStudioVersion = 10.0.40219.1
Project("{9A19103F-16F7-4668-BE54-9A1E7A4F7556}") = "F10Y.L0000.Construction", "F10Y.L0000.Construction\F10Y.L0000.Construction.csproj", "{BC7117A2-8AF5-4C58-B9D0-A3587A03F544}"
EndProject
Project("{9A19103F-16F7-4668-BE54-9A1E7A4F7556}") = "F10Y.L0000", "F10Y.L0000\F10Y.L0000.csproj", "{E4425933-F6A8-4CD8-BA33-C023F323D54A}"
EndProject
Project("{2150E333-8FDC-42A3-9474-1A3956D46DE8}") = "_Dependencies", "_Dependencies", "{20C9D4A1-ACB9-400B-A986-2FAB307D903C}"
EndProject
Project("{9A19103F-16F7-4668-BE54-9A1E7A4F7556}") = "F10Y.T0000", "..\..\F10Y.T0000\source\F10Y.T0000\F10Y.T0000.csproj", "{4E5C16E9-36C9-4064-992A-AC3110E1224B}"
EndProject
Project("{9A19103F-16F7-4668-BE54-9A1E7A4F7556}") = "F10Y.T0001", "..\..\F10Y.T0001\source\F10Y.T0001\F10Y.T0001.csproj", "{D9CA4E1B-CF3B-4CF3-93F6-5B92F51EEC67}"
EndProject
Project("{9A19103F-16F7-4668-BE54-9A1E7A4F7556}") = "F10Y.Y0000", "..\..\F10Y.Y0000\source\F10Y.Y0000\F10Y.Y0000.csproj", "{6FFE482D-47A3-4A3A-A205-3DA76C16CB17}"
EndProject
Project("{9A19103F-16F7-4668-BE54-9A1E7A4F7556}") = "F10Y.T0002", "..\..\F10Y.T0002\source\F10Y.T0002\F10Y.T0002.csproj", "{C9EB9986-B15C-4E3E-B9CB-28A051A8C13D}"
EndProject
Project("{9A19103F-16F7-4668-BE54-9A1E7A4F7556}") = "F10Y.T0003", "..\..\F10Y.T0003\source\F10Y.T0003\F10Y.T0003.csproj", "{50D6C05B-A8DE-4963-A8A1-B4C92363FFF2}"
EndProject
Project("{9A19103F-16F7-4668-BE54-9A1E7A4F7556}") = "F10Y.T0004", "..\..\F10Y.T0004\source\F10Y.T0004\F10Y.T0004.csproj", "{2CB0E1C8-8995-4874-94D3-770CF9F00458}"
EndProject
Project("{9A19103F-16F7-4668-BE54-9A1E7A4F7556}") = "F10Y.T0005", "..\..\F10Y.T0005\source\F10Y.T0005\F10Y.T0005.csproj", "{3FEE9550-7821-46F0-9E08-6B5B99D3FD76}"
EndProject
Project("{9A19103F-16F7-4668-BE54-9A1E7A4F7556}") = "F10Y.T0006", "..\..\F10Y.T0006\source\F10Y.T0006\F10Y.T0006.csproj", "{F24CB764-DE8F-4C8E-AE47-3BFC2959347C}"
EndProject
Project("{9A19103F-16F7-4668-BE54-9A1E7A4F7556}") = "F10Y.L0000.V000", "F10Y.L0000.V000\F10Y.L0000.V000.csproj", "{EC4ABA2A-C264-48E3-B869-F31CFF4967C4}"
EndProject
Project("{9A19103F-16F7-4668-BE54-9A1E7A4F7556}") = "F10Y.T0010", "..\..\F10Y.T0010\source\F10Y.T0010\F10Y.T0010.csproj", "{A109B02A-1CFB-4B1B-B364-459971FBB07C}"
EndProject
Project("{9A19103F-16F7-4668-BE54-9A1E7A4F7556}") = "F10Y.T0013", "..\..\F10Y.T0013\source\F10Y.T0013\F10Y.T0013.csproj", "{B027B77A-B03B-4706-B135-05223F75DD44}"
EndProject
Project("{9A19103F-16F7-4668-BE54-9A1E7A4F7556}") = "F10Y.L0002.F000", "..\..\F10Y.L0002\source\F10Y.L0002.F000\F10Y.L0002.F000.csproj", "{4DEDD7B0-1C1B-43EE-A83D-AF6147E02579}"
EndProject
Project("{9A19103F-16F7-4668-BE54-9A1E7A4F7556}") = "F10Y.L0002", "..\..\F10Y.L0002\source\F10Y.L0002\F10Y.L0002.csproj", "{32394320-DB4A-498E-B0B2-F1FA729379F8}"
EndProject
Project("{9A19103F-16F7-4668-BE54-9A1E7A4F7556}") = "F10Y.L0003", "..\..\F10Y.L0003\source\F10Y.L0003\F10Y.L0003.csproj", "{34425DDC-EC60-46A3-BDC3-86F6E5392D73}"
EndProject
Project("{9A19103F-16F7-4668-BE54-9A1E7A4F7556}") = "F10Y.NG0001", "..\..\F10Y.NG0001\source\F10Y.NG0001\F10Y.NG0001.csproj", "{7C9975AA-136D-4FA1-89ED-5E09B8FF59AC}"
EndProject
Project("{9A19103F-16F7-4668-BE54-9A1E7A4F7556}") = "F10Y.T0011", "..\..\F10Y.T0011\source\F10Y.T0011\F10Y.T0011.csproj", "{213A8F4B-2B8F-4350-9421-270C0FD42671}"
EndProject
Project("{9A19103F-16F7-4668-BE54-9A1E7A4F7556}") = "F10Y.L0000.Q000", "F10Y.L0000.Q000\F10Y.L0000.Q000.csproj", "{FBD4B6F3-016D-45EA-8C7D-6BF2C4143003}"
EndProject
Project("{9A19103F-16F7-4668-BE54-9A1E7A4F7556}") = "F10Y.L0000.Z000", "F10Y.L0000.Z000\F10Y.L0000.Z000.csproj", "{E55F4AB9-8B99-457C-9CE2-C8EB972169DB}"
EndProject
Project("{9A19103F-16F7-4668-BE54-9A1E7A4F7556}") = "F10Y.L0001.L001", "..\..\F10Y.L0001\source\F10Y.L0001.L001\F10Y.L0001.L001.csproj", "{4F70DFC6-C3D5-40D2-B506-7FCE7135C9D7}"
EndProject
Project("{9A19103F-16F7-4668-BE54-9A1E7A4F7556}") = "F10Y.L0001.Z000", "..\..\F10Y.L0001\source\F10Y.L0001.Z000\F10Y.L0001.Z000.csproj", "{916B6EA6-C25B-43A2-B3D4-15ADF1C89747}"
EndProject
Project("{9A19103F-16F7-4668-BE54-9A1E7A4F7556}") = "F10Y.L0004.L000", "..\..\F10Y.L0004\source\F10Y.L0004.L000\F10Y.L0004.L000.csproj", "{9FE9AE82-B8C6-4173-B825-96455C203D2B}"
EndProject
Project("{9A19103F-16F7-4668-BE54-9A1E7A4F7556}") = "F10Y.L0019", "..\..\F10Y.L0019\source\F10Y.L0019\F10Y.L0019.csproj", "{87054E70-B559-4879-82B5-8452CF75373E}"
EndProject
Project("{9A19103F-16F7-4668-BE54-9A1E7A4F7556}") = "F10Y.Z0000.Z000", "..\..\F10Y.Z0000\source\F10Y.Z0000.Z000\F10Y.Z0000.Z000.csproj", "{F8963ED8-8A48-44F1-8DAD-078D5A57C54E}"
EndProject
Project("{9A19103F-16F7-4668-BE54-9A1E7A4F7556}") = "F10Y.Z0000.Z001", "..\..\F10Y.Z0000\source\F10Y.Z0000.Z001\F10Y.Z0000.Z001.csproj", "{CF69124F-278F-4CDD-A1E3-59F96EEE0414}"
EndProject
Project("{9A19103F-16F7-4668-BE54-9A1E7A4F7556}") = "F10Y.Z0000", "..\..\F10Y.Z0000\source\F10Y.Z0000\F10Y.Z0000.csproj", "{F7115EE8-9F82-488D-BAAF-965FD60EB729}"
EndProject
Project("{9A19103F-16F7-4668-BE54-9A1E7A4F7556}") = "F10Y.L0001.L002", "..\..\F10Y.L0001\source\F10Y.L0001.L002\F10Y.L0001.L002.csproj", "{DEF28435-38F6-4B9D-BFBC-D38B05BEC88E}"
EndProject
Project("{9A19103F-16F7-4668-BE54-9A1E7A4F7556}") = "F10Y.L0001.T000", "..\..\F10Y.L0001\source\F10Y.L0001.T000\F10Y.L0001.T000.csproj", "{B37478D4-376F-4F34-BE2A-DBD4935EAD9A}"
EndProject
Project("{9A19103F-16F7-4668-BE54-9A1E7A4F7556}") = "F10Y.L0001", "..\..\F10Y.L0001\source\F10Y.L0001\F10Y.L0001.csproj", "{BF9EE2A7-8DF5-4BEC-BA09-0354DBB6C68B}"
EndProject
Project("{9A19103F-16F7-4668-BE54-9A1E7A4F7556}") = "F10Y.L0002.T000", "..\..\F10Y.L0002\source\F10Y.L0002.T000\F10Y.L0002.T000.csproj", "{9B4B3801-C76B-4248-BEDA-FF2E0D56A43A}"
EndProject
Project("{9A19103F-16F7-4668-BE54-9A1E7A4F7556}") = "F10Y.L0000.Q001", "F10Y.L0000.Q001\F10Y.L0000.Q001.csproj", "{5C997C79-998E-4AFD-8245-C9E43F3D851C}"
EndProject
Project("{9A19103F-16F7-4668-BE54-9A1E7A4F7556}") = "F10Y.L0001.L000", "..\..\F10Y.L0001\source\F10Y.L0001.L000\F10Y.L0001.L000.csproj", "{ED42B305-355E-4085-A6BA-7B4697A9C4ED}"
EndProject
Project("{9A19103F-16F7-4668-BE54-9A1E7A4F7556}") = "F10Y.L0001.X000", "..\..\F10Y.L0001\source\F10Y.L0001.X000\F10Y.L0001.X000.csproj", "{D2C2153C-1A57-49B7-B508-4F1D2A81B56F}"
EndProject
Project("{9A19103F-16F7-4668-BE54-9A1E7A4F7556}") = "F10Y.L0003.L001", "..\..\F10Y.L0003\source\F10Y.L0003.L001\F10Y.L0003.L001.csproj", "{64ECCD63-A5A0-41D6-B98A-30FEF772CA47}"
EndProject
Project("{9A19103F-16F7-4668-BE54-9A1E7A4F7556}") = "F10Y.T0014.T001", "..\..\F10Y.T0014\source\F10Y.T0014.T001\F10Y.T0014.T001.csproj", "{A07E2B77-AC72-4BC2-880E-8B6F1DAFDD68}"
EndProject
Project("{9A19103F-16F7-4668-BE54-9A1E7A4F7556}") = "F10Y.T0014.T002", "..\..\F10Y.T0014\source\F10Y.T0014.T002\F10Y.T0014.T002.csproj", "{9317DC99-BCD9-48C0-A1AA-B126BD91573E}"
EndProject
Project("{9A19103F-16F7-4668-BE54-9A1E7A4F7556}") = "F10Y.L0000.V000.L000", "F10Y.L0000.V000.L000\F10Y.L0000.V000.L000.csproj", "{54902670-B7F4-4E59-8203-DF4797DB022D}"
EndProject
Project("{9A19103F-16F7-4668-BE54-9A1E7A4F7556}") = "F10Y.L0001.L003", "..\..\F10Y.L0001\source\F10Y.L0001.L003\F10Y.L0001.L003.csproj", "{BCA4BF95-3F43-4023-A18C-6BA7F724A658}"
EndProject
Global
	GlobalSection(NestedProjects) = preSolution
		{4E5C16E9-36C9-4064-992A-AC3110E1224B} = {20C9D4A1-ACB9-400B-A986-2FAB307D903C}
		{D9CA4E1B-CF3B-4CF3-93F6-5B92F51EEC67} = {20C9D4A1-ACB9-400B-A986-2FAB307D903C}
		{6FFE482D-47A3-4A3A-A205-3DA76C16CB17} = {20C9D4A1-ACB9-400B-A986-2FAB307D903C}
		{C9EB9986-B15C-4E3E-B9CB-28A051A8C13D} = {20C9D4A1-ACB9-400B-A986-2FAB307D903C}
		{50D6C05B-A8DE-4963-A8A1-B4C92363FFF2} = {20C9D4A1-ACB9-400B-A986-2FAB307D903C}
		{2CB0E1C8-8995-4874-94D3-770CF9F00458} = {20C9D4A1-ACB9-400B-A986-2FAB307D903C}
		{3FEE9550-7821-46F0-9E08-6B5B99D3FD76} = {20C9D4A1-ACB9-400B-A986-2FAB307D903C}
		{F24CB764-DE8F-4C8E-AE47-3BFC2959347C} = {20C9D4A1-ACB9-400B-A986-2FAB307D903C}
		{A109B02A-1CFB-4B1B-B364-459971FBB07C} = {20C9D4A1-ACB9-400B-A986-2FAB307D903C}
		{B027B77A-B03B-4706-B135-05223F75DD44} = {20C9D4A1-ACB9-400B-A986-2FAB307D903C}
		{4DEDD7B0-1C1B-43EE-A83D-AF6147E02579} = {20C9D4A1-ACB9-400B-A986-2FAB307D903C}
		{32394320-DB4A-498E-B0B2-F1FA729379F8} = {20C9D4A1-ACB9-400B-A986-2FAB307D903C}
		{34425DDC-EC60-46A3-BDC3-86F6E5392D73} = {20C9D4A1-ACB9-400B-A986-2FAB307D903C}
		{7C9975AA-136D-4FA1-89ED-5E09B8FF59AC} = {20C9D4A1-ACB9-400B-A986-2FAB307D903C}
		{213A8F4B-2B8F-4350-9421-270C0FD42671} = {20C9D4A1-ACB9-400B-A986-2FAB307D903C}
		{4F70DFC6-C3D5-40D2-B506-7FCE7135C9D7} = {20C9D4A1-ACB9-400B-A986-2FAB307D903C}
		{916B6EA6-C25B-43A2-B3D4-15ADF1C89747} = {20C9D4A1-ACB9-400B-A986-2FAB307D903C}
		{9FE9AE82-B8C6-4173-B825-96455C203D2B} = {20C9D4A1-ACB9-400B-A986-2FAB307D903C}
		{87054E70-B559-4879-82B5-8452CF75373E} = {20C9D4A1-ACB9-400B-A986-2FAB307D903C}
		{F8963ED8-8A48-44F1-8DAD-078D5A57C54E} = {20C9D4A1-ACB9-400B-A986-2FAB307D903C}
		{CF69124F-278F-4CDD-A1E3-59F96EEE0414} = {20C9D4A1-ACB9-400B-A986-2FAB307D903C}
		{F7115EE8-9F82-488D-BAAF-965FD60EB729} = {20C9D4A1-ACB9-400B-A986-2FAB307D903C}
		{DEF28435-38F6-4B9D-BFBC-D38B05BEC88E} = {20C9D4A1-ACB9-400B-A986-2FAB307D903C}
		{B37478D4-376F-4F34-BE2A-DBD4935EAD9A} = {20C9D4A1-ACB9-400B-A986-2FAB307D903C}
		{BF9EE2A7-8DF5-4BEC-BA09-0354DBB6C68B} = {20C9D4A1-ACB9-400B-A986-2FAB307D903C}
		{9B4B3801-C76B-4248-BEDA-FF2E0D56A43A} = {20C9D4A1-ACB9-400B-A986-2FAB307D903C}
		{ED42B305-355E-4085-A6BA-7B4697A9C4ED} = {20C9D4A1-ACB9-400B-A986-2FAB307D903C}
		{D2C2153C-1A57-49B7-B508-4F1D2A81B56F} = {20C9D4A1-ACB9-400B-A986-2FAB307D903C}
		{64ECCD63-A5A0-41D6-B98A-30FEF772CA47} = {20C9D4A1-ACB9-400B-A986-2FAB307D903C}
		{A07E2B77-AC72-4BC2-880E-8B6F1DAFDD68} = {20C9D4A1-ACB9-400B-A986-2FAB307D903C}
		{9317DC99-BCD9-48C0-A1AA-B126BD91573E} = {20C9D4A1-ACB9-400B-A986-2FAB307D903C}
		{BCA4BF95-3F43-4023-A18C-6BA7F724A658} = {20C9D4A1-ACB9-400B-A986-2FAB307D903C}
	EndGlobalSection
	GlobalSection(SolutionConfigurationPlatforms) = preSolution
		Debug|Any CPU = Debug|Any CPU
		Release|Any CPU = Release|Any CPU
	EndGlobalSection
	GlobalSection(ProjectConfigurationPlatforms) = postSolution
		{BC7117A2-8AF5-4C58-B9D0-A3587A03F544}.Debug|Any CPU.ActiveCfg = Debug|Any CPU
		{BC7117A2-8AF5-4C58-B9D0-A3587A03F544}.Debug|Any CPU.Build.0 = Debug|Any CPU
		{BC7117A2-8AF5-4C58-B9D0-A3587A03F544}.Release|Any CPU.ActiveCfg = Release|Any CPU
		{BC7117A2-8AF5-4C58-B9D0-A3587A03F544}.Release|Any CPU.Build.0 = Release|Any CPU
		{E4425933-F6A8-4CD8-BA33-C023F323D54A}.Debug|Any CPU.ActiveCfg = Debug|Any CPU
		{E4425933-F6A8-4CD8-BA33-C023F323D54A}.Debug|Any CPU.Build.0 = Debug|Any CPU
		{E4425933-F6A8-4CD8-BA33-C023F323D54A}.Release|Any CPU.ActiveCfg = Release|Any CPU
		{E4425933-F6A8-4CD8-BA33-C023F323D54A}.Release|Any CPU.Build.0 = Release|Any CPU
		{4E5C16E9-36C9-4064-992A-AC3110E1224B}.Debug|Any CPU.ActiveCfg = Debug|Any CPU
		{4E5C16E9-36C9-4064-992A-AC3110E1224B}.Debug|Any CPU.Build.0 = Debug|Any CPU
		{4E5C16E9-36C9-4064-992A-AC3110E1224B}.Release|Any CPU.ActiveCfg = Release|Any CPU
		{4E5C16E9-36C9-4064-992A-AC3110E1224B}.Release|Any CPU.Build.0 = Release|Any CPU
		{D9CA4E1B-CF3B-4CF3-93F6-5B92F51EEC67}.Debug|Any CPU.ActiveCfg = Debug|Any CPU
		{D9CA4E1B-CF3B-4CF3-93F6-5B92F51EEC67}.Debug|Any CPU.Build.0 = Debug|Any CPU
		{D9CA4E1B-CF3B-4CF3-93F6-5B92F51EEC67}.Release|Any CPU.ActiveCfg = Release|Any CPU
		{D9CA4E1B-CF3B-4CF3-93F6-5B92F51EEC67}.Release|Any CPU.Build.0 = Release|Any CPU
		{6FFE482D-47A3-4A3A-A205-3DA76C16CB17}.Debug|Any CPU.ActiveCfg = Debug|Any CPU
		{6FFE482D-47A3-4A3A-A205-3DA76C16CB17}.Debug|Any CPU.Build.0 = Debug|Any CPU
		{6FFE482D-47A3-4A3A-A205-3DA76C16CB17}.Release|Any CPU.ActiveCfg = Release|Any CPU
		{6FFE482D-47A3-4A3A-A205-3DA76C16CB17}.Release|Any CPU.Build.0 = Release|Any CPU
		{C9EB9986-B15C-4E3E-B9CB-28A051A8C13D}.Debug|Any CPU.ActiveCfg = Debug|Any CPU
		{C9EB9986-B15C-4E3E-B9CB-28A051A8C13D}.Debug|Any CPU.Build.0 = Debug|Any CPU
		{C9EB9986-B15C-4E3E-B9CB-28A051A8C13D}.Release|Any CPU.ActiveCfg = Release|Any CPU
		{C9EB9986-B15C-4E3E-B9CB-28A051A8C13D}.Release|Any CPU.Build.0 = Release|Any CPU
		{50D6C05B-A8DE-4963-A8A1-B4C92363FFF2}.Debug|Any CPU.ActiveCfg = Debug|Any CPU
		{50D6C05B-A8DE-4963-A8A1-B4C92363FFF2}.Debug|Any CPU.Build.0 = Debug|Any CPU
		{50D6C05B-A8DE-4963-A8A1-B4C92363FFF2}.Release|Any CPU.ActiveCfg = Release|Any CPU
		{50D6C05B-A8DE-4963-A8A1-B4C92363FFF2}.Release|Any CPU.Build.0 = Release|Any CPU
		{2CB0E1C8-8995-4874-94D3-770CF9F00458}.Debug|Any CPU.ActiveCfg = Debug|Any CPU
		{2CB0E1C8-8995-4874-94D3-770CF9F00458}.Debug|Any CPU.Build.0 = Debug|Any CPU
		{2CB0E1C8-8995-4874-94D3-770CF9F00458}.Release|Any CPU.ActiveCfg = Release|Any CPU
		{2CB0E1C8-8995-4874-94D3-770CF9F00458}.Release|Any CPU.Build.0 = Release|Any CPU
		{3FEE9550-7821-46F0-9E08-6B5B99D3FD76}.Debug|Any CPU.ActiveCfg = Debug|Any CPU
		{3FEE9550-7821-46F0-9E08-6B5B99D3FD76}.Debug|Any CPU.Build.0 = Debug|Any CPU
		{3FEE9550-7821-46F0-9E08-6B5B99D3FD76}.Release|Any CPU.ActiveCfg = Release|Any CPU
		{3FEE9550-7821-46F0-9E08-6B5B99D3FD76}.Release|Any CPU.Build.0 = Release|Any CPU
		{F24CB764-DE8F-4C8E-AE47-3BFC2959347C}.Debug|Any CPU.ActiveCfg = Debug|Any CPU
		{F24CB764-DE8F-4C8E-AE47-3BFC2959347C}.Debug|Any CPU.Build.0 = Debug|Any CPU
		{F24CB764-DE8F-4C8E-AE47-3BFC2959347C}.Release|Any CPU.ActiveCfg = Release|Any CPU
		{F24CB764-DE8F-4C8E-AE47-3BFC2959347C}.Release|Any CPU.Build.0 = Release|Any CPU
		{EC4ABA2A-C264-48E3-B869-F31CFF4967C4}.Debug|Any CPU.ActiveCfg = Debug|Any CPU
		{EC4ABA2A-C264-48E3-B869-F31CFF4967C4}.Debug|Any CPU.Build.0 = Debug|Any CPU
		{EC4ABA2A-C264-48E3-B869-F31CFF4967C4}.Release|Any CPU.ActiveCfg = Release|Any CPU
		{EC4ABA2A-C264-48E3-B869-F31CFF4967C4}.Release|Any CPU.Build.0 = Release|Any CPU
		{A109B02A-1CFB-4B1B-B364-459971FBB07C}.Debug|Any CPU.ActiveCfg = Debug|Any CPU
		{A109B02A-1CFB-4B1B-B364-459971FBB07C}.Debug|Any CPU.Build.0 = Debug|Any CPU
		{A109B02A-1CFB-4B1B-B364-459971FBB07C}.Release|Any CPU.ActiveCfg = Release|Any CPU
		{A109B02A-1CFB-4B1B-B364-459971FBB07C}.Release|Any CPU.Build.0 = Release|Any CPU
		{B027B77A-B03B-4706-B135-05223F75DD44}.Debug|Any CPU.ActiveCfg = Debug|Any CPU
		{B027B77A-B03B-4706-B135-05223F75DD44}.Debug|Any CPU.Build.0 = Debug|Any CPU
		{B027B77A-B03B-4706-B135-05223F75DD44}.Release|Any CPU.ActiveCfg = Release|Any CPU
		{B027B77A-B03B-4706-B135-05223F75DD44}.Release|Any CPU.Build.0 = Release|Any CPU
		{4DEDD7B0-1C1B-43EE-A83D-AF6147E02579}.Debug|Any CPU.ActiveCfg = Debug|Any CPU
		{4DEDD7B0-1C1B-43EE-A83D-AF6147E02579}.Debug|Any CPU.Build.0 = Debug|Any CPU
		{4DEDD7B0-1C1B-43EE-A83D-AF6147E02579}.Release|Any CPU.ActiveCfg = Release|Any CPU
		{4DEDD7B0-1C1B-43EE-A83D-AF6147E02579}.Release|Any CPU.Build.0 = Release|Any CPU
		{32394320-DB4A-498E-B0B2-F1FA729379F8}.Debug|Any CPU.ActiveCfg = Debug|Any CPU
		{32394320-DB4A-498E-B0B2-F1FA729379F8}.Debug|Any CPU.Build.0 = Debug|Any CPU
		{32394320-DB4A-498E-B0B2-F1FA729379F8}.Release|Any CPU.ActiveCfg = Release|Any CPU
		{32394320-DB4A-498E-B0B2-F1FA729379F8}.Release|Any CPU.Build.0 = Release|Any CPU
		{34425DDC-EC60-46A3-BDC3-86F6E5392D73}.Debug|Any CPU.ActiveCfg = Debug|Any CPU
		{34425DDC-EC60-46A3-BDC3-86F6E5392D73}.Debug|Any CPU.Build.0 = Debug|Any CPU
		{34425DDC-EC60-46A3-BDC3-86F6E5392D73}.Release|Any CPU.ActiveCfg = Release|Any CPU
		{34425DDC-EC60-46A3-BDC3-86F6E5392D73}.Release|Any CPU.Build.0 = Release|Any CPU
		{7C9975AA-136D-4FA1-89ED-5E09B8FF59AC}.Debug|Any CPU.ActiveCfg = Debug|Any CPU
		{7C9975AA-136D-4FA1-89ED-5E09B8FF59AC}.Debug|Any CPU.Build.0 = Debug|Any CPU
		{7C9975AA-136D-4FA1-89ED-5E09B8FF59AC}.Release|Any CPU.ActiveCfg = Release|Any CPU
		{7C9975AA-136D-4FA1-89ED-5E09B8FF59AC}.Release|Any CPU.Build.0 = Release|Any CPU
		{213A8F4B-2B8F-4350-9421-270C0FD42671}.Debug|Any CPU.ActiveCfg = Debug|Any CPU
		{213A8F4B-2B8F-4350-9421-270C0FD42671}.Debug|Any CPU.Build.0 = Debug|Any CPU
		{213A8F4B-2B8F-4350-9421-270C0FD42671}.Release|Any CPU.ActiveCfg = Release|Any CPU
		{213A8F4B-2B8F-4350-9421-270C0FD42671}.Release|Any CPU.Build.0 = Release|Any CPU
		{FBD4B6F3-016D-45EA-8C7D-6BF2C4143003}.Debug|Any CPU.ActiveCfg = Debug|Any CPU
		{FBD4B6F3-016D-45EA-8C7D-6BF2C4143003}.Debug|Any CPU.Build.0 = Debug|Any CPU
		{FBD4B6F3-016D-45EA-8C7D-6BF2C4143003}.Release|Any CPU.ActiveCfg = Release|Any CPU
		{FBD4B6F3-016D-45EA-8C7D-6BF2C4143003}.Release|Any CPU.Build.0 = Release|Any CPU
		{E55F4AB9-8B99-457C-9CE2-C8EB972169DB}.Debug|Any CPU.ActiveCfg = Debug|Any CPU
		{E55F4AB9-8B99-457C-9CE2-C8EB972169DB}.Debug|Any CPU.Build.0 = Debug|Any CPU
		{E55F4AB9-8B99-457C-9CE2-C8EB972169DB}.Release|Any CPU.ActiveCfg = Release|Any CPU
		{E55F4AB9-8B99-457C-9CE2-C8EB972169DB}.Release|Any CPU.Build.0 = Release|Any CPU
		{4F70DFC6-C3D5-40D2-B506-7FCE7135C9D7}.Debug|Any CPU.ActiveCfg = Debug|Any CPU
		{4F70DFC6-C3D5-40D2-B506-7FCE7135C9D7}.Debug|Any CPU.Build.0 = Debug|Any CPU
		{4F70DFC6-C3D5-40D2-B506-7FCE7135C9D7}.Release|Any CPU.ActiveCfg = Release|Any CPU
		{4F70DFC6-C3D5-40D2-B506-7FCE7135C9D7}.Release|Any CPU.Build.0 = Release|Any CPU
		{916B6EA6-C25B-43A2-B3D4-15ADF1C89747}.Debug|Any CPU.ActiveCfg = Debug|Any CPU
		{916B6EA6-C25B-43A2-B3D4-15ADF1C89747}.Debug|Any CPU.Build.0 = Debug|Any CPU
		{916B6EA6-C25B-43A2-B3D4-15ADF1C89747}.Release|Any CPU.ActiveCfg = Release|Any CPU
		{916B6EA6-C25B-43A2-B3D4-15ADF1C89747}.Release|Any CPU.Build.0 = Release|Any CPU
		{9FE9AE82-B8C6-4173-B825-96455C203D2B}.Debug|Any CPU.ActiveCfg = Debug|Any CPU
		{9FE9AE82-B8C6-4173-B825-96455C203D2B}.Debug|Any CPU.Build.0 = Debug|Any CPU
		{9FE9AE82-B8C6-4173-B825-96455C203D2B}.Release|Any CPU.ActiveCfg = Release|Any CPU
		{9FE9AE82-B8C6-4173-B825-96455C203D2B}.Release|Any CPU.Build.0 = Release|Any CPU
		{87054E70-B559-4879-82B5-8452CF75373E}.Debug|Any CPU.ActiveCfg = Debug|Any CPU
		{87054E70-B559-4879-82B5-8452CF75373E}.Debug|Any CPU.Build.0 = Debug|Any CPU
		{87054E70-B559-4879-82B5-8452CF75373E}.Release|Any CPU.ActiveCfg = Release|Any CPU
		{87054E70-B559-4879-82B5-8452CF75373E}.Release|Any CPU.Build.0 = Release|Any CPU
		{F8963ED8-8A48-44F1-8DAD-078D5A57C54E}.Debug|Any CPU.ActiveCfg = Debug|Any CPU
		{F8963ED8-8A48-44F1-8DAD-078D5A57C54E}.Debug|Any CPU.Build.0 = Debug|Any CPU
		{F8963ED8-8A48-44F1-8DAD-078D5A57C54E}.Release|Any CPU.ActiveCfg = Release|Any CPU
		{F8963ED8-8A48-44F1-8DAD-078D5A57C54E}.Release|Any CPU.Build.0 = Release|Any CPU
		{CF69124F-278F-4CDD-A1E3-59F96EEE0414}.Debug|Any CPU.ActiveCfg = Debug|Any CPU
		{CF69124F-278F-4CDD-A1E3-59F96EEE0414}.Debug|Any CPU.Build.0 = Debug|Any CPU
		{CF69124F-278F-4CDD-A1E3-59F96EEE0414}.Release|Any CPU.ActiveCfg = Release|Any CPU
		{CF69124F-278F-4CDD-A1E3-59F96EEE0414}.Release|Any CPU.Build.0 = Release|Any CPU
		{F7115EE8-9F82-488D-BAAF-965FD60EB729}.Debug|Any CPU.ActiveCfg = Debug|Any CPU
		{F7115EE8-9F82-488D-BAAF-965FD60EB729}.Debug|Any CPU.Build.0 = Debug|Any CPU
		{F7115EE8-9F82-488D-BAAF-965FD60EB729}.Release|Any CPU.ActiveCfg = Release|Any CPU
		{F7115EE8-9F82-488D-BAAF-965FD60EB729}.Release|Any CPU.Build.0 = Release|Any CPU
		{DEF28435-38F6-4B9D-BFBC-D38B05BEC88E}.Debug|Any CPU.ActiveCfg = Debug|Any CPU
		{DEF28435-38F6-4B9D-BFBC-D38B05BEC88E}.Debug|Any CPU.Build.0 = Debug|Any CPU
		{DEF28435-38F6-4B9D-BFBC-D38B05BEC88E}.Release|Any CPU.ActiveCfg = Release|Any CPU
		{DEF28435-38F6-4B9D-BFBC-D38B05BEC88E}.Release|Any CPU.Build.0 = Release|Any CPU
		{B37478D4-376F-4F34-BE2A-DBD4935EAD9A}.Debug|Any CPU.ActiveCfg = Debug|Any CPU
		{B37478D4-376F-4F34-BE2A-DBD4935EAD9A}.Debug|Any CPU.Build.0 = Debug|Any CPU
		{B37478D4-376F-4F34-BE2A-DBD4935EAD9A}.Release|Any CPU.ActiveCfg = Release|Any CPU
		{B37478D4-376F-4F34-BE2A-DBD4935EAD9A}.Release|Any CPU.Build.0 = Release|Any CPU
		{BF9EE2A7-8DF5-4BEC-BA09-0354DBB6C68B}.Debug|Any CPU.ActiveCfg = Debug|Any CPU
		{BF9EE2A7-8DF5-4BEC-BA09-0354DBB6C68B}.Debug|Any CPU.Build.0 = Debug|Any CPU
		{BF9EE2A7-8DF5-4BEC-BA09-0354DBB6C68B}.Release|Any CPU.ActiveCfg = Release|Any CPU
		{BF9EE2A7-8DF5-4BEC-BA09-0354DBB6C68B}.Release|Any CPU.Build.0 = Release|Any CPU
		{9B4B3801-C76B-4248-BEDA-FF2E0D56A43A}.Debug|Any CPU.ActiveCfg = Debug|Any CPU
		{9B4B3801-C76B-4248-BEDA-FF2E0D56A43A}.Debug|Any CPU.Build.0 = Debug|Any CPU
		{9B4B3801-C76B-4248-BEDA-FF2E0D56A43A}.Release|Any CPU.ActiveCfg = Release|Any CPU
		{9B4B3801-C76B-4248-BEDA-FF2E0D56A43A}.Release|Any CPU.Build.0 = Release|Any CPU
		{5C997C79-998E-4AFD-8245-C9E43F3D851C}.Debug|Any CPU.ActiveCfg = Debug|Any CPU
		{5C997C79-998E-4AFD-8245-C9E43F3D851C}.Debug|Any CPU.Build.0 = Debug|Any CPU
		{5C997C79-998E-4AFD-8245-C9E43F3D851C}.Release|Any CPU.ActiveCfg = Release|Any CPU
		{5C997C79-998E-4AFD-8245-C9E43F3D851C}.Release|Any CPU.Build.0 = Release|Any CPU
		{ED42B305-355E-4085-A6BA-7B4697A9C4ED}.Debug|Any CPU.ActiveCfg = Debug|Any CPU
		{ED42B305-355E-4085-A6BA-7B4697A9C4ED}.Debug|Any CPU.Build.0 = Debug|Any CPU
		{ED42B305-355E-4085-A6BA-7B4697A9C4ED}.Release|Any CPU.ActiveCfg = Release|Any CPU
		{ED42B305-355E-4085-A6BA-7B4697A9C4ED}.Release|Any CPU.Build.0 = Release|Any CPU
		{D2C2153C-1A57-49B7-B508-4F1D2A81B56F}.Debug|Any CPU.ActiveCfg = Debug|Any CPU
		{D2C2153C-1A57-49B7-B508-4F1D2A81B56F}.Debug|Any CPU.Build.0 = Debug|Any CPU
		{D2C2153C-1A57-49B7-B508-4F1D2A81B56F}.Release|Any CPU.ActiveCfg = Release|Any CPU
		{D2C2153C-1A57-49B7-B508-4F1D2A81B56F}.Release|Any CPU.Build.0 = Release|Any CPU
		{64ECCD63-A5A0-41D6-B98A-30FEF772CA47}.Debug|Any CPU.ActiveCfg = Debug|Any CPU
		{64ECCD63-A5A0-41D6-B98A-30FEF772CA47}.Debug|Any CPU.Build.0 = Debug|Any CPU
		{64ECCD63-A5A0-41D6-B98A-30FEF772CA47}.Release|Any CPU.ActiveCfg = Release|Any CPU
		{64ECCD63-A5A0-41D6-B98A-30FEF772CA47}.Release|Any CPU.Build.0 = Release|Any CPU
		{A07E2B77-AC72-4BC2-880E-8B6F1DAFDD68}.Debug|Any CPU.ActiveCfg = Debug|Any CPU
		{A07E2B77-AC72-4BC2-880E-8B6F1DAFDD68}.Debug|Any CPU.Build.0 = Debug|Any CPU
		{A07E2B77-AC72-4BC2-880E-8B6F1DAFDD68}.Release|Any CPU.ActiveCfg = Release|Any CPU
		{A07E2B77-AC72-4BC2-880E-8B6F1DAFDD68}.Release|Any CPU.Build.0 = Release|Any CPU
		{9317DC99-BCD9-48C0-A1AA-B126BD91573E}.Debug|Any CPU.ActiveCfg = Debug|Any CPU
		{9317DC99-BCD9-48C0-A1AA-B126BD91573E}.Debug|Any CPU.Build.0 = Debug|Any CPU
		{9317DC99-BCD9-48C0-A1AA-B126BD91573E}.Release|Any CPU.ActiveCfg = Release|Any CPU
		{9317DC99-BCD9-48C0-A1AA-B126BD91573E}.Release|Any CPU.Build.0 = Release|Any CPU
		{54902670-B7F4-4E59-8203-DF4797DB022D}.Debug|Any CPU.ActiveCfg = Debug|Any CPU
		{54902670-B7F4-4E59-8203-DF4797DB022D}.Debug|Any CPU.Build.0 = Debug|Any CPU
		{54902670-B7F4-4E59-8203-DF4797DB022D}.Release|Any CPU.ActiveCfg = Release|Any CPU
		{54902670-B7F4-4E59-8203-DF4797DB022D}.Release|Any CPU.Build.0 = Release|Any CPU
		{BCA4BF95-3F43-4023-A18C-6BA7F724A658}.Debug|Any CPU.ActiveCfg = Debug|Any CPU
		{BCA4BF95-3F43-4023-A18C-6BA7F724A658}.Debug|Any CPU.Build.0 = Debug|Any CPU
		{BCA4BF95-3F43-4023-A18C-6BA7F724A658}.Release|Any CPU.ActiveCfg = Release|Any CPU
		{BCA4BF95-3F43-4023-A18C-6BA7F724A658}.Release|Any CPU.Build.0 = Release|Any CPU
	EndGlobalSection
	GlobalSection(SolutionProperties) = preSolution
		HideSolutionNode = FALSE
	EndGlobalSection
	GlobalSection(ExtensibilityGlobals) = postSolution
		SolutionGuid = {1E6A86BA-4666-4B0C-B2A6-87CEE0771975}
	EndGlobalSection
EndGlobal
