
Microsoft Visual Studio Solution File, Format Version 12.00
# Visual Studio Version 17
VisualStudioVersion = 17.2.32630.192
MinimumVisualStudioVersion = 10.0.40219.1
Project("{9A19103F-16F7-4668-BE54-9A1E7A4F7556}") = "F10Y.L0000.Q000", "F10Y.L0000.Q000\F10Y.L0000.Q000.csproj", "{77448716-EAB9-4276-A9AA-23C467B27616}"
EndProject
Project("{9A19103F-16F7-4668-BE54-9A1E7A4F7556}") = "F10Y.L0000", "F10Y.L0000\F10Y.L0000.csproj", "{E4425933-F6A8-4CD8-BA33-C023F323D54A}"
EndProject
Project("{2150E333-8FDC-42A3-9474-1A3956D46DE8}") = "_Dependencies", "_Dependencies", "{20C9D4A1-ACB9-400B-A986-2FAB307D903C}"
EndProject
Project("{9A19103F-16F7-4668-BE54-9A1E7A4F7556}") = "F10Y.T0000", "..\..\F10Y.T0000\source\F10Y.T0000\F10Y.T0000.csproj", "{4E5C16E9-36C9-4064-992A-AC3110E1224B}"
EndProject
Project("{9A19103F-16F7-4668-BE54-9A1E7A4F7556}") = "F10Y.T0001", "..\..\F10Y.T0001\source\F10Y.T0001\F10Y.T0001.csproj", "{D9CA4E1B-CF3B-4CF3-93F6-5B92F51EEC67}"
EndProject
Project("{9A19103F-16F7-4668-BE54-9A1E7A4F7556}") = "F10Y.Y0000", "..\..\F10Y.Y0000\source\F10Y.Y0000\F10Y.Y0000.csproj", "{6FFE482D-47A3-4A3A-A205-3DA76C16CB17}"
EndProject
Project("{9A19103F-16F7-4668-BE54-9A1E7A4F7556}") = "F10Y.T0002", "..\..\F10Y.T0002\source\F10Y.T0002\F10Y.T0002.csproj", "{C9EB9986-B15C-4E3E-B9CB-28A051A8C13D}"
EndProject
Project("{9A19103F-16F7-4668-BE54-9A1E7A4F7556}") = "F10Y.T0003", "..\..\F10Y.T0003\source\F10Y.T0003\F10Y.T0003.csproj", "{50D6C05B-A8DE-4963-A8A1-B4C92363FFF2}"
EndProject
Project("{9A19103F-16F7-4668-BE54-9A1E7A4F7556}") = "F10Y.T0004", "..\..\F10Y.T0004\source\F10Y.T0004\F10Y.T0004.csproj", "{2CB0E1C8-8995-4874-94D3-770CF9F00458}"
EndProject
Project("{9A19103F-16F7-4668-BE54-9A1E7A4F7556}") = "F10Y.T0011", "..\..\F10Y.T0011\source\F10Y.T0011\F10Y.T0011.csproj", "{213A8F4B-2B8F-4350-9421-270C0FD42671}"
EndProject
Project("{9A19103F-16F7-4668-BE54-9A1E7A4F7556}") = "F10Y.T0006", "..\..\F10Y.T0006\source\F10Y.T0006\F10Y.T0006.csproj", "{AEE86948-15A7-403A-A0A7-1134CB20652A}"
EndProject
Project("{9A19103F-16F7-4668-BE54-9A1E7A4F7556}") = "F10Y.L0000.Q000.L000", "F10Y.L0000.Q000.L000\F10Y.L0000.Q000.L000.csproj", "{D8CDB939-A4A7-4BA8-B91C-3F132CE3DB70}"
EndProject
Project("{9A19103F-16F7-4668-BE54-9A1E7A4F7556}") = "F10Y.L0004.L000", "..\..\F10Y.L0004\source\F10Y.L0004.L000\F10Y.L0004.L000.csproj", "{05168226-FDCB-4B5B-8051-619D48091813}"
EndProject
Project("{9A19103F-16F7-4668-BE54-9A1E7A4F7556}") = "F10Y.L0019", "..\..\F10Y.L0019\source\F10Y.L0019\F10Y.L0019.csproj", "{C7228BD3-5579-4FCA-AFB5-A883D360EE8A}"
EndProject
Project("{9A19103F-16F7-4668-BE54-9A1E7A4F7556}") = "F10Y.L0001.Z000", "..\..\F10Y.L0001\source\F10Y.L0001.Z000\F10Y.L0001.Z000.csproj", "{9420ED35-7BC6-4B4B-9E8E-E32AE5A01B8E}"
EndProject
Project("{9A19103F-16F7-4668-BE54-9A1E7A4F7556}") = "F10Y.Z0000", "..\..\F10Y.Z0000\source\F10Y.Z0000\F10Y.Z0000.csproj", "{E84FAAD8-6893-4B64-AEB2-5CB1778AB678}"
EndProject
Global
	GlobalSection(NestedProjects) = preSolution
		{4E5C16E9-36C9-4064-992A-AC3110E1224B} = {20C9D4A1-ACB9-400B-A986-2FAB307D903C}
		{D9CA4E1B-CF3B-4CF3-93F6-5B92F51EEC67} = {20C9D4A1-ACB9-400B-A986-2FAB307D903C}
		{6FFE482D-47A3-4A3A-A205-3DA76C16CB17} = {20C9D4A1-ACB9-400B-A986-2FAB307D903C}
		{C9EB9986-B15C-4E3E-B9CB-28A051A8C13D} = {20C9D4A1-ACB9-400B-A986-2FAB307D903C}
		{50D6C05B-A8DE-4963-A8A1-B4C92363FFF2} = {20C9D4A1-ACB9-400B-A986-2FAB307D903C}
		{2CB0E1C8-8995-4874-94D3-770CF9F00458} = {20C9D4A1-ACB9-400B-A986-2FAB307D903C}
		{213A8F4B-2B8F-4350-9421-270C0FD42671} = {20C9D4A1-ACB9-400B-A986-2FAB307D903C}
		{AEE86948-15A7-403A-A0A7-1134CB20652A} = {20C9D4A1-ACB9-400B-A986-2FAB307D903C}
		{05168226-FDCB-4B5B-8051-619D48091813} = {20C9D4A1-ACB9-400B-A986-2FAB307D903C}
		{C7228BD3-5579-4FCA-AFB5-A883D360EE8A} = {20C9D4A1-ACB9-400B-A986-2FAB307D903C}
		{9420ED35-7BC6-4B4B-9E8E-E32AE5A01B8E} = {20C9D4A1-ACB9-400B-A986-2FAB307D903C}
		{E84FAAD8-6893-4B64-AEB2-5CB1778AB678} = {20C9D4A1-ACB9-400B-A986-2FAB307D903C}
	EndGlobalSection
	GlobalSection(SolutionConfigurationPlatforms) = preSolution
		Debug|Any CPU = Debug|Any CPU
		Release|Any CPU = Release|Any CPU
	EndGlobalSection
	GlobalSection(ProjectConfigurationPlatforms) = postSolution
		{E4425933-F6A8-4CD8-BA33-C023F323D54A}.Debug|Any CPU.ActiveCfg = Debug|Any CPU
		{E4425933-F6A8-4CD8-BA33-C023F323D54A}.Debug|Any CPU.Build.0 = Debug|Any CPU
		{E4425933-F6A8-4CD8-BA33-C023F323D54A}.Release|Any CPU.ActiveCfg = Release|Any CPU
		{E4425933-F6A8-4CD8-BA33-C023F323D54A}.Release|Any CPU.Build.0 = Release|Any CPU
		{4E5C16E9-36C9-4064-992A-AC3110E1224B}.Debug|Any CPU.ActiveCfg = Debug|Any CPU
		{4E5C16E9-36C9-4064-992A-AC3110E1224B}.Debug|Any CPU.Build.0 = Debug|Any CPU
		{4E5C16E9-36C9-4064-992A-AC3110E1224B}.Release|Any CPU.ActiveCfg = Release|Any CPU
		{4E5C16E9-36C9-4064-992A-AC3110E1224B}.Release|Any CPU.Build.0 = Release|Any CPU
		{D9CA4E1B-CF3B-4CF3-93F6-5B92F51EEC67}.Debug|Any CPU.ActiveCfg = Debug|Any CPU
		{D9CA4E1B-CF3B-4CF3-93F6-5B92F51EEC67}.Debug|Any CPU.Build.0 = Debug|Any CPU
		{D9CA4E1B-CF3B-4CF3-93F6-5B92F51EEC67}.Release|Any CPU.ActiveCfg = Release|Any CPU
		{D9CA4E1B-CF3B-4CF3-93F6-5B92F51EEC67}.Release|Any CPU.Build.0 = Release|Any CPU
		{6FFE482D-47A3-4A3A-A205-3DA76C16CB17}.Debug|Any CPU.ActiveCfg = Debug|Any CPU
		{6FFE482D-47A3-4A3A-A205-3DA76C16CB17}.Debug|Any CPU.Build.0 = Debug|Any CPU
		{6FFE482D-47A3-4A3A-A205-3DA76C16CB17}.Release|Any CPU.ActiveCfg = Release|Any CPU
		{6FFE482D-47A3-4A3A-A205-3DA76C16CB17}.Release|Any CPU.Build.0 = Release|Any CPU
		{C9EB9986-B15C-4E3E-B9CB-28A051A8C13D}.Debug|Any CPU.ActiveCfg = Debug|Any CPU
		{C9EB9986-B15C-4E3E-B9CB-28A051A8C13D}.Debug|Any CPU.Build.0 = Debug|Any CPU
		{C9EB9986-B15C-4E3E-B9CB-28A051A8C13D}.Release|Any CPU.ActiveCfg = Release|Any CPU
		{C9EB9986-B15C-4E3E-B9CB-28A051A8C13D}.Release|Any CPU.Build.0 = Release|Any CPU
		{50D6C05B-A8DE-4963-A8A1-B4C92363FFF2}.Debug|Any CPU.ActiveCfg = Debug|Any CPU
		{50D6C05B-A8DE-4963-A8A1-B4C92363FFF2}.Debug|Any CPU.Build.0 = Debug|Any CPU
		{50D6C05B-A8DE-4963-A8A1-B4C92363FFF2}.Release|Any CPU.ActiveCfg = Release|Any CPU
		{50D6C05B-A8DE-4963-A8A1-B4C92363FFF2}.Release|Any CPU.Build.0 = Release|Any CPU
		{2CB0E1C8-8995-4874-94D3-770CF9F00458}.Debug|Any CPU.ActiveCfg = Debug|Any CPU
		{2CB0E1C8-8995-4874-94D3-770CF9F00458}.Debug|Any CPU.Build.0 = Debug|Any CPU
		{2CB0E1C8-8995-4874-94D3-770CF9F00458}.Release|Any CPU.ActiveCfg = Release|Any CPU
		{2CB0E1C8-8995-4874-94D3-770CF9F00458}.Release|Any CPU.Build.0 = Release|Any CPU
		{213A8F4B-2B8F-4350-9421-270C0FD42671}.Debug|Any CPU.ActiveCfg = Debug|Any CPU
		{213A8F4B-2B8F-4350-9421-270C0FD42671}.Debug|Any CPU.Build.0 = Debug|Any CPU
		{213A8F4B-2B8F-4350-9421-270C0FD42671}.Release|Any CPU.ActiveCfg = Release|Any CPU
		{213A8F4B-2B8F-4350-9421-270C0FD42671}.Release|Any CPU.Build.0 = Release|Any CPU
		{77448716-EAB9-4276-A9AA-23C467B27616}.Debug|Any CPU.ActiveCfg = Debug|Any CPU
		{77448716-EAB9-4276-A9AA-23C467B27616}.Debug|Any CPU.Build.0 = Debug|Any CPU
		{77448716-EAB9-4276-A9AA-23C467B27616}.Release|Any CPU.ActiveCfg = Release|Any CPU
		{77448716-EAB9-4276-A9AA-23C467B27616}.Release|Any CPU.Build.0 = Release|Any CPU
		{AEE86948-15A7-403A-A0A7-1134CB20652A}.Debug|Any CPU.ActiveCfg = Debug|Any CPU
		{AEE86948-15A7-403A-A0A7-1134CB20652A}.Debug|Any CPU.Build.0 = Debug|Any CPU
		{AEE86948-15A7-403A-A0A7-1134CB20652A}.Release|Any CPU.ActiveCfg = Release|Any CPU
		{AEE86948-15A7-403A-A0A7-1134CB20652A}.Release|Any CPU.Build.0 = Release|Any CPU
		{D8CDB939-A4A7-4BA8-B91C-3F132CE3DB70}.Debug|Any CPU.ActiveCfg = Debug|Any CPU
		{D8CDB939-A4A7-4BA8-B91C-3F132CE3DB70}.Debug|Any CPU.Build.0 = Debug|Any CPU
		{D8CDB939-A4A7-4BA8-B91C-3F132CE3DB70}.Release|Any CPU.ActiveCfg = Release|Any CPU
		{D8CDB939-A4A7-4BA8-B91C-3F132CE3DB70}.Release|Any CPU.Build.0 = Release|Any CPU
		{05168226-FDCB-4B5B-8051-619D48091813}.Debug|Any CPU.ActiveCfg = Debug|Any CPU
		{05168226-FDCB-4B5B-8051-619D48091813}.Debug|Any CPU.Build.0 = Debug|Any CPU
		{05168226-FDCB-4B5B-8051-619D48091813}.Release|Any CPU.ActiveCfg = Release|Any CPU
		{05168226-FDCB-4B5B-8051-619D48091813}.Release|Any CPU.Build.0 = Release|Any CPU
		{C7228BD3-5579-4FCA-AFB5-A883D360EE8A}.Debug|Any CPU.ActiveCfg = Debug|Any CPU
		{C7228BD3-5579-4FCA-AFB5-A883D360EE8A}.Debug|Any CPU.Build.0 = Debug|Any CPU
		{C7228BD3-5579-4FCA-AFB5-A883D360EE8A}.Release|Any CPU.ActiveCfg = Release|Any CPU
		{C7228BD3-5579-4FCA-AFB5-A883D360EE8A}.Release|Any CPU.Build.0 = Release|Any CPU
		{9420ED35-7BC6-4B4B-9E8E-E32AE5A01B8E}.Debug|Any CPU.ActiveCfg = Debug|Any CPU
		{9420ED35-7BC6-4B4B-9E8E-E32AE5A01B8E}.Debug|Any CPU.Build.0 = Debug|Any CPU
		{9420ED35-7BC6-4B4B-9E8E-E32AE5A01B8E}.Release|Any CPU.ActiveCfg = Release|Any CPU
		{9420ED35-7BC6-4B4B-9E8E-E32AE5A01B8E}.Release|Any CPU.Build.0 = Release|Any CPU
		{E84FAAD8-6893-4B64-AEB2-5CB1778AB678}.Debug|Any CPU.ActiveCfg = Debug|Any CPU
		{E84FAAD8-6893-4B64-AEB2-5CB1778AB678}.Debug|Any CPU.Build.0 = Debug|Any CPU
		{E84FAAD8-6893-4B64-AEB2-5CB1778AB678}.Release|Any CPU.ActiveCfg = Release|Any CPU
		{E84FAAD8-6893-4B64-AEB2-5CB1778AB678}.Release|Any CPU.Build.0 = Release|Any CPU
	EndGlobalSection
	GlobalSection(SolutionProperties) = preSolution
		HideSolutionNode = FALSE
	EndGlobalSection
	GlobalSection(ExtensibilityGlobals) = postSolution
		SolutionGuid = {1E6A86BA-4666-4B0C-B2A6-87CEE0771975}
	EndGlobalSection
EndGlobal
