
Microsoft Visual Studio Solution File, Format Version 12.00
# Visual Studio Version 17
VisualStudioVersion = 17.2.32630.192
MinimumVisualStudioVersion = 10.0.40219.1
Project("{9A19103F-16F7-4668-BE54-9A1E7A4F7556}") = "F10Y.L0000", "F10Y.L0000\F10Y.L0000.csproj", "{E4425933-F6A8-4CD8-BA33-C023F323D54A}"
EndProject
Project("{2150E333-8FDC-42A3-9474-1A3956D46DE8}") = "_Dependencies", "_Dependencies", "{20C9D4A1-ACB9-400B-A986-2FAB307D903C}"
EndProject
Project("{9A19103F-16F7-4668-BE54-9A1E7A4F7556}") = "F10Y.T0000", "..\..\F10Y.T0000\source\F10Y.T0000\F10Y.T0000.csproj", "{4E5C16E9-36C9-4064-992A-AC3110E1224B}"
EndProject
Project("{9A19103F-16F7-4668-BE54-9A1E7A4F7556}") = "F10Y.T0001", "..\..\F10Y.T0001\source\F10Y.T0001\F10Y.T0001.csproj", "{D9CA4E1B-CF3B-4CF3-93F6-5B92F51EEC67}"
EndProject
Project("{9A19103F-16F7-4668-BE54-9A1E7A4F7556}") = "F10Y.Y0000", "..\..\F10Y.Y0000\source\F10Y.Y0000\F10Y.Y0000.csproj", "{6FFE482D-47A3-4A3A-A205-3DA76C16CB17}"
EndProject
Project("{9A19103F-16F7-4668-BE54-9A1E7A4F7556}") = "F10Y.T0002", "..\..\F10Y.T0002\source\F10Y.T0002\F10Y.T0002.csproj", "{C9EB9986-B15C-4E3E-B9CB-28A051A8C13D}"
EndProject
Project("{9A19103F-16F7-4668-BE54-9A1E7A4F7556}") = "F10Y.T0003", "..\..\F10Y.T0003\source\F10Y.T0003\F10Y.T0003.csproj", "{50D6C05B-A8DE-4963-A8A1-B4C92363FFF2}"
EndProject
Project("{9A19103F-16F7-4668-BE54-9A1E7A4F7556}") = "F10Y.T0004", "..\..\F10Y.T0004\source\F10Y.T0004\F10Y.T0004.csproj", "{2CB0E1C8-8995-4874-94D3-770CF9F00458}"
EndProject
Project("{9A19103F-16F7-4668-BE54-9A1E7A4F7556}") = "F10Y.T0005", "..\..\F10Y.T0005\source\F10Y.T0005\F10Y.T0005.csproj", "{3FEE9550-7821-46F0-9E08-6B5B99D3FD76}"
EndProject
Project("{9A19103F-16F7-4668-BE54-9A1E7A4F7556}") = "F10Y.T0006", "..\..\F10Y.T0006\source\F10Y.T0006\F10Y.T0006.csproj", "{F24CB764-DE8F-4C8E-AE47-3BFC2959347C}"
EndProject
Project("{9A19103F-16F7-4668-BE54-9A1E7A4F7556}") = "F10Y.L0000.V000", "F10Y.L0000.V000\F10Y.L0000.V000.csproj", "{EC4ABA2A-C264-48E3-B869-F31CFF4967C4}"
EndProject
Project("{9A19103F-16F7-4668-BE54-9A1E7A4F7556}") = "F10Y.T0010", "..\..\F10Y.T0010\source\F10Y.T0010\F10Y.T0010.csproj", "{A109B02A-1CFB-4B1B-B364-459971FBB07C}"
EndProject
Project("{9A19103F-16F7-4668-BE54-9A1E7A4F7556}") = "F10Y.T0013", "..\..\F10Y.T0013\source\F10Y.T0013\F10Y.T0013.csproj", "{B027B77A-B03B-4706-B135-05223F75DD44}"
EndProject
Project("{9A19103F-16F7-4668-BE54-9A1E7A4F7556}") = "F10Y.L0000.Z000", "F10Y.L0000.Z000\F10Y.L0000.Z000.csproj", "{87DF8233-7D4E-44AD-BDAA-791C8C79C97C}"
EndProject
Project("{9A19103F-16F7-4668-BE54-9A1E7A4F7556}") = "F10Y.L0002.F000", "..\..\F10Y.L0002\source\F10Y.L0002.F000\F10Y.L0002.F000.csproj", "{64C9F70F-2821-4ECA-8185-49CC1BE8E24A}"
EndProject
Project("{9A19103F-16F7-4668-BE54-9A1E7A4F7556}") = "F10Y.L0002", "..\..\F10Y.L0002\source\F10Y.L0002\F10Y.L0002.csproj", "{E7F5FB07-326E-4D00-899F-55FEC83F9EC4}"
EndProject
Project("{9A19103F-16F7-4668-BE54-9A1E7A4F7556}") = "F10Y.L0003", "..\..\F10Y.L0003\source\F10Y.L0003\F10Y.L0003.csproj", "{72005612-32EB-4AD4-A3E9-83B60FD09D83}"
EndProject
Project("{9A19103F-16F7-4668-BE54-9A1E7A4F7556}") = "F10Y.NG0001", "..\..\F10Y.NG0001\source\F10Y.NG0001\F10Y.NG0001.csproj", "{9C5B508F-088B-48BD-B081-5556404E2132}"
EndProject
Project("{9A19103F-16F7-4668-BE54-9A1E7A4F7556}") = "F10Y.T0011", "..\..\F10Y.T0011\source\F10Y.T0011\F10Y.T0011.csproj", "{E6D1D75F-38E8-4E81-AD4C-E73383CE9DC5}"
EndProject
Project("{FAE04EC0-301F-11D3-BF4B-00C04F79EFBC}") = "F10Y.L0000.Construction", "F10Y.L0000.Construction\F10Y.L0000.Construction.csproj", "{D7165D5A-0CB1-F1AB-0556-829A825409EC}"
EndProject
Global
	GlobalSection(SolutionConfigurationPlatforms) = preSolution
		Debug|Any CPU = Debug|Any CPU
		Release|Any CPU = Release|Any CPU
	EndGlobalSection
	GlobalSection(ProjectConfigurationPlatforms) = postSolution
		{E4425933-F6A8-4CD8-BA33-C023F323D54A}.Debug|Any CPU.ActiveCfg = Debug|Any CPU
		{E4425933-F6A8-4CD8-BA33-C023F323D54A}.Debug|Any CPU.Build.0 = Debug|Any CPU
		{E4425933-F6A8-4CD8-BA33-C023F323D54A}.Release|Any CPU.ActiveCfg = Release|Any CPU
		{E4425933-F6A8-4CD8-BA33-C023F323D54A}.Release|Any CPU.Build.0 = Release|Any CPU
		{4E5C16E9-36C9-4064-992A-AC3110E1224B}.Debug|Any CPU.ActiveCfg = Debug|Any CPU
		{4E5C16E9-36C9-4064-992A-AC3110E1224B}.Debug|Any CPU.Build.0 = Debug|Any CPU
		{4E5C16E9-36C9-4064-992A-AC3110E1224B}.Release|Any CPU.ActiveCfg = Release|Any CPU
		{4E5C16E9-36C9-4064-992A-AC3110E1224B}.Release|Any CPU.Build.0 = Release|Any CPU
		{D9CA4E1B-CF3B-4CF3-93F6-5B92F51EEC67}.Debug|Any CPU.ActiveCfg = Debug|Any CPU
		{D9CA4E1B-CF3B-4CF3-93F6-5B92F51EEC67}.Debug|Any CPU.Build.0 = Debug|Any CPU
		{D9CA4E1B-CF3B-4CF3-93F6-5B92F51EEC67}.Release|Any CPU.ActiveCfg = Release|Any CPU
		{D9CA4E1B-CF3B-4CF3-93F6-5B92F51EEC67}.Release|Any CPU.Build.0 = Release|Any CPU
		{6FFE482D-47A3-4A3A-A205-3DA76C16CB17}.Debug|Any CPU.ActiveCfg = Debug|Any CPU
		{6FFE482D-47A3-4A3A-A205-3DA76C16CB17}.Debug|Any CPU.Build.0 = Debug|Any CPU
		{6FFE482D-47A3-4A3A-A205-3DA76C16CB17}.Release|Any CPU.ActiveCfg = Release|Any CPU
		{6FFE482D-47A3-4A3A-A205-3DA76C16CB17}.Release|Any CPU.Build.0 = Release|Any CPU
		{C9EB9986-B15C-4E3E-B9CB-28A051A8C13D}.Debug|Any CPU.ActiveCfg = Debug|Any CPU
		{C9EB9986-B15C-4E3E-B9CB-28A051A8C13D}.Debug|Any CPU.Build.0 = Debug|Any CPU
		{C9EB9986-B15C-4E3E-B9CB-28A051A8C13D}.Release|Any CPU.ActiveCfg = Release|Any CPU
		{C9EB9986-B15C-4E3E-B9CB-28A051A8C13D}.Release|Any CPU.Build.0 = Release|Any CPU
		{50D6C05B-A8DE-4963-A8A1-B4C92363FFF2}.Debug|Any CPU.ActiveCfg = Debug|Any CPU
		{50D6C05B-A8DE-4963-A8A1-B4C92363FFF2}.Debug|Any CPU.Build.0 = Debug|Any CPU
		{50D6C05B-A8DE-4963-A8A1-B4C92363FFF2}.Release|Any CPU.ActiveCfg = Release|Any CPU
		{50D6C05B-A8DE-4963-A8A1-B4C92363FFF2}.Release|Any CPU.Build.0 = Release|Any CPU
		{2CB0E1C8-8995-4874-94D3-770CF9F00458}.Debug|Any CPU.ActiveCfg = Debug|Any CPU
		{2CB0E1C8-8995-4874-94D3-770CF9F00458}.Debug|Any CPU.Build.0 = Debug|Any CPU
		{2CB0E1C8-8995-4874-94D3-770CF9F00458}.Release|Any CPU.ActiveCfg = Release|Any CPU
		{2CB0E1C8-8995-4874-94D3-770CF9F00458}.Release|Any CPU.Build.0 = Release|Any CPU
		{3FEE9550-7821-46F0-9E08-6B5B99D3FD76}.Debug|Any CPU.ActiveCfg = Debug|Any CPU
		{3FEE9550-7821-46F0-9E08-6B5B99D3FD76}.Debug|Any CPU.Build.0 = Debug|Any CPU
		{3FEE9550-7821-46F0-9E08-6B5B99D3FD76}.Release|Any CPU.ActiveCfg = Release|Any CPU
		{3FEE9550-7821-46F0-9E08-6B5B99D3FD76}.Release|Any CPU.Build.0 = Release|Any CPU
		{F24CB764-DE8F-4C8E-AE47-3BFC2959347C}.Debug|Any CPU.ActiveCfg = Debug|Any CPU
		{F24CB764-DE8F-4C8E-AE47-3BFC2959347C}.Debug|Any CPU.Build.0 = Debug|Any CPU
		{F24CB764-DE8F-4C8E-AE47-3BFC2959347C}.Release|Any CPU.ActiveCfg = Release|Any CPU
		{F24CB764-DE8F-4C8E-AE47-3BFC2959347C}.Release|Any CPU.Build.0 = Release|Any CPU
		{EC4ABA2A-C264-48E3-B869-F31CFF4967C4}.Debug|Any CPU.ActiveCfg = Debug|Any CPU
		{EC4ABA2A-C264-48E3-B869-F31CFF4967C4}.Debug|Any CPU.Build.0 = Debug|Any CPU
		{EC4ABA2A-C264-48E3-B869-F31CFF4967C4}.Release|Any CPU.ActiveCfg = Release|Any CPU
		{EC4ABA2A-C264-48E3-B869-F31CFF4967C4}.Release|Any CPU.Build.0 = Release|Any CPU
		{A109B02A-1CFB-4B1B-B364-459971FBB07C}.Debug|Any CPU.ActiveCfg = Debug|Any CPU
		{A109B02A-1CFB-4B1B-B364-459971FBB07C}.Debug|Any CPU.Build.0 = Debug|Any CPU
		{A109B02A-1CFB-4B1B-B364-459971FBB07C}.Release|Any CPU.ActiveCfg = Release|Any CPU
		{A109B02A-1CFB-4B1B-B364-459971FBB07C}.Release|Any CPU.Build.0 = Release|Any CPU
		{B027B77A-B03B-4706-B135-05223F75DD44}.Debug|Any CPU.ActiveCfg = Debug|Any CPU
		{B027B77A-B03B-4706-B135-05223F75DD44}.Debug|Any CPU.Build.0 = Debug|Any CPU
		{B027B77A-B03B-4706-B135-05223F75DD44}.Release|Any CPU.ActiveCfg = Release|Any CPU
		{B027B77A-B03B-4706-B135-05223F75DD44}.Release|Any CPU.Build.0 = Release|Any CPU
		{87DF8233-7D4E-44AD-BDAA-791C8C79C97C}.Debug|Any CPU.ActiveCfg = Debug|Any CPU
		{87DF8233-7D4E-44AD-BDAA-791C8C79C97C}.Debug|Any CPU.Build.0 = Debug|Any CPU
		{87DF8233-7D4E-44AD-BDAA-791C8C79C97C}.Release|Any CPU.ActiveCfg = Release|Any CPU
		{87DF8233-7D4E-44AD-BDAA-791C8C79C97C}.Release|Any CPU.Build.0 = Release|Any CPU
		{64C9F70F-2821-4ECA-8185-49CC1BE8E24A}.Debug|Any CPU.ActiveCfg = Debug|Any CPU
		{64C9F70F-2821-4ECA-8185-49CC1BE8E24A}.Debug|Any CPU.Build.0 = Debug|Any CPU
		{64C9F70F-2821-4ECA-8185-49CC1BE8E24A}.Release|Any CPU.ActiveCfg = Release|Any CPU
		{64C9F70F-2821-4ECA-8185-49CC1BE8E24A}.Release|Any CPU.Build.0 = Release|Any CPU
		{E7F5FB07-326E-4D00-899F-55FEC83F9EC4}.Debug|Any CPU.ActiveCfg = Debug|Any CPU
		{E7F5FB07-326E-4D00-899F-55FEC83F9EC4}.Debug|Any CPU.Build.0 = Debug|Any CPU
		{E7F5FB07-326E-4D00-899F-55FEC83F9EC4}.Release|Any CPU.ActiveCfg = Release|Any CPU
		{E7F5FB07-326E-4D00-899F-55FEC83F9EC4}.Release|Any CPU.Build.0 = Release|Any CPU
		{72005612-32EB-4AD4-A3E9-83B60FD09D83}.Debug|Any CPU.ActiveCfg = Debug|Any CPU
		{72005612-32EB-4AD4-A3E9-83B60FD09D83}.Debug|Any CPU.Build.0 = Debug|Any CPU
		{72005612-32EB-4AD4-A3E9-83B60FD09D83}.Release|Any CPU.ActiveCfg = Release|Any CPU
		{72005612-32EB-4AD4-A3E9-83B60FD09D83}.Release|Any CPU.Build.0 = Release|Any CPU
		{9C5B508F-088B-48BD-B081-5556404E2132}.Debug|Any CPU.ActiveCfg = Debug|Any CPU
		{9C5B508F-088B-48BD-B081-5556404E2132}.Debug|Any CPU.Build.0 = Debug|Any CPU
		{9C5B508F-088B-48BD-B081-5556404E2132}.Release|Any CPU.ActiveCfg = Release|Any CPU
		{9C5B508F-088B-48BD-B081-5556404E2132}.Release|Any CPU.Build.0 = Release|Any CPU
		{E6D1D75F-38E8-4E81-AD4C-E73383CE9DC5}.Debug|Any CPU.ActiveCfg = Debug|Any CPU
		{E6D1D75F-38E8-4E81-AD4C-E73383CE9DC5}.Debug|Any CPU.Build.0 = Debug|Any CPU
		{E6D1D75F-38E8-4E81-AD4C-E73383CE9DC5}.Release|Any CPU.ActiveCfg = Release|Any CPU
		{E6D1D75F-38E8-4E81-AD4C-E73383CE9DC5}.Release|Any CPU.Build.0 = Release|Any CPU
		{D7165D5A-0CB1-F1AB-0556-829A825409EC}.Debug|Any CPU.ActiveCfg = Debug|Any CPU
		{D7165D5A-0CB1-F1AB-0556-829A825409EC}.Debug|Any CPU.Build.0 = Debug|Any CPU
		{D7165D5A-0CB1-F1AB-0556-829A825409EC}.Release|Any CPU.ActiveCfg = Release|Any CPU
		{D7165D5A-0CB1-F1AB-0556-829A825409EC}.Release|Any CPU.Build.0 = Release|Any CPU
	EndGlobalSection
	GlobalSection(SolutionProperties) = preSolution
		HideSolutionNode = FALSE
	EndGlobalSection
	GlobalSection(NestedProjects) = preSolution
		{4E5C16E9-36C9-4064-992A-AC3110E1224B} = {20C9D4A1-ACB9-400B-A986-2FAB307D903C}
		{D9CA4E1B-CF3B-4CF3-93F6-5B92F51EEC67} = {20C9D4A1-ACB9-400B-A986-2FAB307D903C}
		{6FFE482D-47A3-4A3A-A205-3DA76C16CB17} = {20C9D4A1-ACB9-400B-A986-2FAB307D903C}
		{C9EB9986-B15C-4E3E-B9CB-28A051A8C13D} = {20C9D4A1-ACB9-400B-A986-2FAB307D903C}
		{50D6C05B-A8DE-4963-A8A1-B4C92363FFF2} = {20C9D4A1-ACB9-400B-A986-2FAB307D903C}
		{2CB0E1C8-8995-4874-94D3-770CF9F00458} = {20C9D4A1-ACB9-400B-A986-2FAB307D903C}
		{3FEE9550-7821-46F0-9E08-6B5B99D3FD76} = {20C9D4A1-ACB9-400B-A986-2FAB307D903C}
		{F24CB764-DE8F-4C8E-AE47-3BFC2959347C} = {20C9D4A1-ACB9-400B-A986-2FAB307D903C}
		{A109B02A-1CFB-4B1B-B364-459971FBB07C} = {20C9D4A1-ACB9-400B-A986-2FAB307D903C}
		{B027B77A-B03B-4706-B135-05223F75DD44} = {20C9D4A1-ACB9-400B-A986-2FAB307D903C}
		{64C9F70F-2821-4ECA-8185-49CC1BE8E24A} = {20C9D4A1-ACB9-400B-A986-2FAB307D903C}
		{E7F5FB07-326E-4D00-899F-55FEC83F9EC4} = {20C9D4A1-ACB9-400B-A986-2FAB307D903C}
		{72005612-32EB-4AD4-A3E9-83B60FD09D83} = {20C9D4A1-ACB9-400B-A986-2FAB307D903C}
		{9C5B508F-088B-48BD-B081-5556404E2132} = {20C9D4A1-ACB9-400B-A986-2FAB307D903C}
		{E6D1D75F-38E8-4E81-AD4C-E73383CE9DC5} = {20C9D4A1-ACB9-400B-A986-2FAB307D903C}
	EndGlobalSection
	GlobalSection(ExtensibilityGlobals) = postSolution
		SolutionGuid = {1E6A86BA-4666-4B0C-B2A6-87CEE0771975}
	EndGlobalSection
EndGlobal
